
Microsoft Visual Studio Solution File, Format Version 12.00
# Visual Studio Version 16
VisualStudioVersion = 16.0.30320.27
MinimumVisualStudioVersion = 10.0.40219.1
Project("{FAE04EC0-301F-11D3-BF4B-00C04F79EFBC}") = "ForMoreMoney.Documents", "src\ForMoreMoney.Documents\ForMoreMoney.Documents.csproj", "{57182D2D-7A3F-4103-8773-8F0DE60F5AFB}"
EndProject
Project("{FAE04EC0-301F-11D3-BF4B-00C04F79EFBC}") = "ForMoreMoney.Documents.Test", "test\ForMoreMoney.Documents.Test\ForMoreMoney.Documents.Test.csproj", "{694CA297-D69F-426F-9720-A5C1E01566DB}"
EndProject
Global
	GlobalSection(SolutionConfigurationPlatforms) = preSolution
		Debug|Any CPU = Debug|Any CPU
		Release|Any CPU = Release|Any CPU
	EndGlobalSection
	GlobalSection(ProjectConfigurationPlatforms) = postSolution
		{57182D2D-7A3F-4103-8773-8F0DE60F5AFB}.Debug|Any CPU.ActiveCfg = Debug|Any CPU
		{57182D2D-7A3F-4103-8773-8F0DE60F5AFB}.Debug|Any CPU.Build.0 = Debug|Any CPU
		{57182D2D-7A3F-4103-8773-8F0DE60F5AFB}.Release|Any CPU.ActiveCfg = Release|Any CPU
		{57182D2D-7A3F-4103-8773-8F0DE60F5AFB}.Release|Any CPU.Build.0 = Release|Any CPU
		{694CA297-D69F-426F-9720-A5C1E01566DB}.Debug|Any CPU.ActiveCfg = Debug|Any CPU
		{694CA297-D69F-426F-9720-A5C1E01566DB}.Debug|Any CPU.Build.0 = Debug|Any CPU
		{694CA297-D69F-426F-9720-A5C1E01566DB}.Release|Any CPU.ActiveCfg = Release|Any CPU
		{694CA297-D69F-426F-9720-A5C1E01566DB}.Release|Any CPU.Build.0 = Release|Any CPU
	EndGlobalSection
	GlobalSection(SolutionProperties) = preSolution
		HideSolutionNode = FALSE
	EndGlobalSection
	GlobalSection(ExtensibilityGlobals) = postSolution
		SolutionGuid = {DF84BA99-4683-4572-A113-8D019C854C23}
	EndGlobalSection
EndGlobal
